{
  "projects": [
    {
      "projectId": "kpio2pzukKRJkKg6SSrKTe",
      "version": "0.2.0",
      "dependencies": {},
      "lang": "js",
      "fileLocks": [
        {
          "assetId": "kpio2pzukKRJkKg6SSrKTe",
          "type": "projectCss",
          "checksum": "1c02168c6b23256606111fdfdbb63549"
        }
      ],
      "codegenVersion": "0.0.1"
    },
    {
      "projectId": "ohDidvG9XsCeFumugENU3J",
      "version": "6.29.0",
      "dependencies": {},
      "lang": "js",
      "fileLocks": [
        {
          "assetId": "ohDidvG9XsCeFumugENU3J",
          "checksum": "de0a0e65174a6a185a8f822af51c6bdd",
          "type": "globalContexts"
        },
        {
          "assetId": "ohDidvG9XsCeFumugENU3J",
          "type": "projectCss",
          "checksum": "ba2a60a163fca4f4d510275088a2be53"
        }
      ],
      "codegenVersion": "0.0.1"
    },
    {
      "projectId": "gmeH6XgPaBtkt51HunAo4g",
      "version": "18.12.0",
      "dependencies": {},
      "lang": "js",
      "fileLocks": [
        {
          "assetId": "gmeH6XgPaBtkt51HunAo4g",
          "type": "projectCss",
          "checksum": "1c02168c6b23256606111fdfdbb63549"
        }
      ],
      "codegenVersion": "0.0.1"
    },
    {
      "projectId": "ayMB79M2Zha2oXCHU8VvVd",
      "version": "latest",
      "dependencies": {
        "gmeH6XgPaBtkt51HunAo4g": "18.12.0",
        "ohDidvG9XsCeFumugENU3J": "6.29.0",
        "kpio2pzukKRJkKg6SSrKTe": "0.2.0",
        "8PtdGodUbexNYgkuyBUcWu": "3.27.0",
        "jkU633o1Cz7HrJdwdxhVHk": "16.13.0",
        "YUiM7yqBWAqsh8KSnrdj7": "0.33.0",
        "hjKYmYi6HMwK6TRyk7ew5R": "6.42.0",
        "caTPwKxj5ZrD9LQ7DMdK4Z": "3.40.0"
      },
      "lang": "js",
      "fileLocks": [
        {
          "type": "globalVariant",
          "assetId": "G3wJl7Ma3Cux",
          "checksum": "34c728cf273be693ac4933e74884bd84"
        },
        {
          "assetId": "ayMB79M2Zha2oXCHU8VvVd",
          "checksum": "b49f941216e6be2468f80db1ece01cf3",
          "type": "globalContexts"
        },
        {
          "type": "renderModule",
          "assetId": "wsYVvP0AoOUV",
          "checksum": "51a40db0e46e42383f46f5bd30ae186f"
        },
        {
          "type": "cssRules",
          "assetId": "wsYVvP0AoOUV",
          "checksum": "51a40db0e46e42383f46f5bd30ae186f"
        },
        {
          "type": "renderModule",
          "assetId": "Nkp99nOmjSeR",
          "checksum": "05f88a6f55586b2b0ab4595d4268bd58"
        },
        {
          "type": "cssRules",
          "assetId": "Nkp99nOmjSeR",
          "checksum": "05f88a6f55586b2b0ab4595d4268bd58"
        },
        {
          "type": "renderModule",
          "assetId": "7jbjniCIVRxc",
          "checksum": "3897226d8d156b267fd31648a616e1de"
        },
        {
          "type": "cssRules",
          "assetId": "7jbjniCIVRxc",
          "checksum": "3897226d8d156b267fd31648a616e1de"
        },
        {
          "type": "renderModule",
          "assetId": "qeK5-dZ0gYDB",
          "checksum": "47c069ae38f67e6dc04138258b40cb82"
        },
        {
          "type": "cssRules",
          "assetId": "qeK5-dZ0gYDB",
          "checksum": "47c069ae38f67e6dc04138258b40cb82"
        },
        {
          "type": "renderModule",
          "assetId": "YDF-BaHmIigj",
          "checksum": "2663edaf605817b67fa1381ae81fc03a"
        },
        {
          "type": "cssRules",
          "assetId": "YDF-BaHmIigj",
          "checksum": "2663edaf605817b67fa1381ae81fc03a"
        },
        {
          "type": "renderModule",
          "assetId": "oRLW09mgTcT4",
          "checksum": "284fe809df1dbb73520bb9d45194c0f2"
        },
        {
          "type": "cssRules",
          "assetId": "oRLW09mgTcT4",
          "checksum": "284fe809df1dbb73520bb9d45194c0f2"
        },
        {
          "type": "renderModule",
          "assetId": "sYdbEGCNeo2A",
          "checksum": "dcf2758338a3ef7dc0f8bf66a1a7c5eb"
        },
        {
          "type": "cssRules",
          "assetId": "sYdbEGCNeo2A",
          "checksum": "dcf2758338a3ef7dc0f8bf66a1a7c5eb"
        },
        {
          "type": "renderModule",
          "assetId": "dXg-mZqo9Hy8",
          "checksum": "6b91c21adfe9912bf64444251295ca71"
        },
        {
          "type": "cssRules",
          "assetId": "dXg-mZqo9Hy8",
          "checksum": "6b91c21adfe9912bf64444251295ca71"
        },
        {
          "type": "renderModule",
          "assetId": "TS8Xb6dS09sR",
          "checksum": "24673f4b473ce83516224fd6260f3690"
        },
        {
          "type": "cssRules",
          "assetId": "TS8Xb6dS09sR",
          "checksum": "24673f4b473ce83516224fd6260f3690"
        },
        {
          "type": "renderModule",
          "assetId": "xBA7pTKeWgP9",
          "checksum": "dff144fdeaca00758b23b4b1ffdd8d56"
        },
        {
          "type": "cssRules",
          "assetId": "xBA7pTKeWgP9",
          "checksum": "dff144fdeaca00758b23b4b1ffdd8d56"
        },
        {
          "type": "renderModule",
          "assetId": "OuIgegCwXW_8",
          "checksum": "d53c3bf5ff41bc9624e763bb8e2f9ce8"
        },
        {
          "type": "cssRules",
          "assetId": "OuIgegCwXW_8",
          "checksum": "d53c3bf5ff41bc9624e763bb8e2f9ce8"
        },
        {
          "type": "renderModule",
          "assetId": "gDX33FHd4CfM",
          "checksum": "dc37092dde024fe77f45574c717b1883"
        },
        {
          "type": "cssRules",
          "assetId": "gDX33FHd4CfM",
          "checksum": "dc37092dde024fe77f45574c717b1883"
        },
        {
          "type": "renderModule",
          "assetId": "VEKCyCToWA6V",
          "checksum": "6a0b6356c381aec955f92dcc26fc4080"
        },
        {
          "type": "cssRules",
          "assetId": "VEKCyCToWA6V",
          "checksum": "6a0b6356c381aec955f92dcc26fc4080"
        },
        {
          "type": "renderModule",
          "assetId": "jBz_d1Xozy7d",
          "checksum": "a4788c6557af64f7062aa337e1ca566f"
        },
        {
          "type": "cssRules",
          "assetId": "jBz_d1Xozy7d",
          "checksum": "a4788c6557af64f7062aa337e1ca566f"
        },
        {
          "type": "renderModule",
          "assetId": "s7zZYKkMpg7D",
          "checksum": "91205e0cf6a7ef4002632b15d56ed832"
        },
        {
          "type": "cssRules",
          "assetId": "s7zZYKkMpg7D",
          "checksum": "91205e0cf6a7ef4002632b15d56ed832"
        },
        {
          "type": "renderModule",
          "assetId": "4CohE_ftpdK5",
          "checksum": "d8299b02783d73657f7af40a7cea2310"
        },
        {
          "type": "cssRules",
          "assetId": "4CohE_ftpdK5",
          "checksum": "d8299b02783d73657f7af40a7cea2310"
        },
        {
          "type": "renderModule",
          "assetId": "HOWiVINaW4Ow",
          "checksum": "c997406eccc69d7ce324dad521b7917f"
        },
        {
          "type": "cssRules",
          "assetId": "HOWiVINaW4Ow",
          "checksum": "c997406eccc69d7ce324dad521b7917f"
        },
        {
          "type": "renderModule",
          "assetId": "vFCQNVgdowh3",
          "checksum": "15b29357253075c9833d0bccbf500aa2"
        },
        {
          "type": "cssRules",
          "assetId": "vFCQNVgdowh3",
          "checksum": "15b29357253075c9833d0bccbf500aa2"
        },
        {
          "type": "renderModule",
          "assetId": "HqmQP133pVT3",
          "checksum": "b5b6569972ead62a958f3d0511dbaff7"
        },
        {
          "type": "cssRules",
          "assetId": "HqmQP133pVT3",
          "checksum": "b5b6569972ead62a958f3d0511dbaff7"
        },
        {
          "type": "renderModule",
          "assetId": "t-ljPKhcD3sQ",
          "checksum": "0d652d37579b152448716be4fa702e53"
        },
        {
          "type": "cssRules",
          "assetId": "t-ljPKhcD3sQ",
          "checksum": "0d652d37579b152448716be4fa702e53"
        },
        {
          "type": "renderModule",
          "assetId": "J1DclQ3GRL5-",
          "checksum": "3fe07a5cb3882c2737323878dc130e47"
        },
        {
          "type": "cssRules",
          "assetId": "J1DclQ3GRL5-",
          "checksum": "3fe07a5cb3882c2737323878dc130e47"
        },
        {
          "type": "icon",
          "assetId": "YPrg7eABwhtK",
          "checksum": "3991c1fdf5491644b4620b85bf5a36aa"
        },
        {
          "type": "icon",
          "assetId": "qF1IVIivlMW0",
          "checksum": "20745c05144cd4557cb0399da9b0f7bd"
        },
        {
          "type": "icon",
          "assetId": "uRgoqHXaOAXS",
          "checksum": "6b1a7174a5d797a959e9ce004542cf94"
        },
        {
          "type": "icon",
          "assetId": "p8s090SyswNj",
          "checksum": "cee17d9e190f30672e36c6e38844b51a"
        },
        {
          "type": "icon",
          "assetId": "OAx1tyEQNd45",
          "checksum": "fd6ce3d069f068276f9362b3e72df7a7"
        },
        {
          "type": "icon",
          "assetId": "shqV-zGUx2pl",
          "checksum": "666b377ea1936101f710132cf8615597"
        },
        {
          "type": "icon",
          "assetId": "kQa0-w_jcUw3",
          "checksum": "9a277a52ebcbc0acd4d151bf93980b47"
        },
        {
          "type": "icon",
          "assetId": "ltogL3hWe5tF",
          "checksum": "ac12fafae5f8e77afb14f604fdbc01ef"
        },
        {
          "type": "icon",
          "assetId": "l0qfCXBXxo8S",
          "checksum": "c00bad0562c2fb2db6cbed939e2bea88"
        },
        {
          "type": "icon",
          "assetId": "P2ukvIvIO3Ai",
          "checksum": "8d8a05b67c36abd90147cda552c186be"
        },
        {
          "type": "icon",
          "assetId": "ka3lpqyFpkdy",
          "checksum": "0671da81872cfec23a5c854dfc4cb14a"
        },
        {
          "type": "icon",
          "assetId": "wEpYwTO88w1P",
          "checksum": "40fa3cfd9f4bfb9dea28ebccd73c0096"
        },
        {
          "type": "icon",
          "assetId": "Fqz5sIOWK00m",
          "checksum": "79aa16c10bf653f949164b12829b9ddd"
        },
        {
          "type": "icon",
          "assetId": "-JxLkbBuBOd1",
          "checksum": "afc62239d97116d9421796f87b31a5ea"
        },
        {
          "type": "icon",
          "assetId": "DuSDqmYhafDt",
          "checksum": "c235da5f39858f01014d895c36714c3d"
        },
        {
          "type": "icon",
          "assetId": "BMKyGw2Hak5H",
          "checksum": "13bcd2e2d9d3ffed1d6ff1605def212e"
        },
        {
          "type": "icon",
          "assetId": "NakAsH6uumRA",
          "checksum": "b399088dda16a4e4d497fa77db26a57e"
        },
        {
          "type": "icon",
          "assetId": "cc0-APH6d0Ua",
          "checksum": "52b069f7cb36b49d59478f613eaecf83"
        },
        {
          "type": "icon",
          "assetId": "xptZsSGyYZFa",
          "checksum": "b42f5264c80be1c1ac2f210fa96841a7"
        },
        {
          "type": "icon",
          "assetId": "EJ-KfgdcTkxU",
          "checksum": "49055b16543f3ddfa6ea22f6b36ca1a9"
        },
        {
          "type": "icon",
          "assetId": "r551_EbKeIAv",
          "checksum": "f9c40e77530001fb23b8a15cc1368025"
        },
        {
          "type": "icon",
          "assetId": "kVyUEgcnFGzp",
          "checksum": "f44bbab7510437e9264c3373b630d79a"
        },
        {
          "type": "icon",
          "assetId": "pcN4M4K4WLM9",
          "checksum": "0b2d2090c9d646e03a422b263e6b5621"
        },
        {
          "type": "icon",
          "assetId": "YpQkBZPHUvMH",
          "checksum": "4681bd0900edae315acf45fd1636d2db"
        },
        {
          "type": "icon",
          "assetId": "bqVKhZSY8LUM",
          "checksum": "e28e3c401ec1e89ee6ee24c67ad0ee02"
        },
        {
          "type": "icon",
          "assetId": "l_fBGpc-aPXJ",
          "checksum": "3146ba22af5bc8380298841ef76c506f"
        },
        {
          "type": "icon",
          "assetId": "Gm9-rTHK3RLN",
          "checksum": "587f21709903c7db727b00d12fd96bd1"
        },
        {
          "type": "icon",
          "assetId": "8amAUKFvqYTa",
          "checksum": "43032f3e090d13ed94f57e036e854fed"
        },
        {
          "type": "icon",
          "assetId": "z3AXU1jfzdpO",
          "checksum": "46fa1d6231d72a5632e0d90ae8e69e25"
        },
        {
          "type": "icon",
          "assetId": "oTUn1_su8e6M",
          "checksum": "a1a6cbcc687c6191bd4f6600f9c53595"
        },
        {
          "type": "icon",
          "assetId": "KX6L3fhCaZgJ",
          "checksum": "32fcff1ec24e789f53fa994157dfb275"
        },
        {
          "type": "icon",
          "assetId": "TAK58bXzj8BZ",
          "checksum": "ae12ff559aafcd891da8ed6747bce003"
        },
        {
          "type": "icon",
          "assetId": "gCr3RvZdleh0",
          "checksum": "13a8ad8cf1bce49eb9b3efa9efa85d0b"
        },
        {
          "type": "icon",
          "assetId": "kpYs0D8nVrTb",
          "checksum": "88dea1add8df5e659c950a33deeed687"
        },
        {
          "type": "icon",
          "assetId": "27hKjGe-cRQZ",
          "checksum": "0f1c5c3c2362c56d4567c1422e4995b1"
        },
        {
          "type": "icon",
          "assetId": "Ram6nyoyz8Tt",
          "checksum": "50d3df3467bea24129b79282151349de"
        },
        {
          "type": "icon",
          "assetId": "GbowPgpibbqM",
          "checksum": "8b3313be34f6bdab734795ed42d92ac7"
        },
        {
          "type": "icon",
          "assetId": "JPw_-r0qcFnd",
          "checksum": "df2185432a001d99ee6f73b376c44902"
        },
        {
          "type": "icon",
          "assetId": "75hQch2QkYd9",
          "checksum": "70c797034682330e7a82adc7833f0704"
        },
        {
          "type": "icon",
          "assetId": "NClx9oyEViSH",
          "checksum": "acd0d484ef2b28656d22d482694aac91"
        },
        {
          "type": "icon",
          "assetId": "az4nLmsvOzhc",
          "checksum": "7d5155dd5c2223c412356ec95b0d1d83"
        },
        {
          "type": "icon",
          "assetId": "Jxj8ZUD_H3ru",
          "checksum": "783afaa5bf41324cd166aa1145f272a0"
        },
        {
          "type": "icon",
          "assetId": "6Fz5LjssnW3q",
          "checksum": "f9774e987f179ca5cb84d8e26c6fee45"
        },
        {
          "type": "icon",
          "assetId": "RxuP4Rq6XoE3",
          "checksum": "320dec1f1ec12e4b53ba4615111be261"
        },
        {
          "type": "icon",
          "assetId": "JsKKlmlgeHrw",
          "checksum": "c2a00ce54ba65635bd8c5157b717c1ad"
        },
        {
          "type": "icon",
          "assetId": "40X_Ya-asnPi",
          "checksum": "bfd87e3929ac5681d93eadc29096a9f6"
        },
        {
          "type": "icon",
          "assetId": "Kqoq9RoHdLUn",
          "checksum": "ba5cc95f50800fcc8ec3b3815fa11f1f"
        },
        {
          "type": "icon",
          "assetId": "lW97eKp3KMOQ",
          "checksum": "b6ee41d69d3b9b2a000f93fe402f0cd6"
        },
        {
          "type": "icon",
          "assetId": "UbvWDR2C51bI",
          "checksum": "9ac5982cb814527b6b77123417d97b54"
        },
        {
          "type": "icon",
          "assetId": "VkOMj4R3LCXZ",
          "checksum": "929fe446fc2ca65cfd720a47dbdb820c"
        },
        {
          "type": "icon",
          "assetId": "e73xudAk5SWk",
          "checksum": "487bfc191c1a074960f3ca2451042dd9"
        },
        {
          "type": "icon",
          "assetId": "IwTlyR93Ap6k",
          "checksum": "3ab7ba98596f44e2bb2bbebf63b7f195"
        },
        {
          "type": "icon",
          "assetId": "1EBovo933byh",
          "checksum": "afc8412d4b7a0de7bd4a79711a30b904"
        },
        {
          "type": "icon",
          "assetId": "dtLZq9kCn5ZK",
          "checksum": "95c707c0aa13b177aad1c831ebc4d2b6"
        },
        {
          "type": "icon",
          "assetId": "3aC3PjJL1alS",
          "checksum": "e532a3f68c3702778bba6c3a76749e85"
        },
        {
          "type": "icon",
          "assetId": "H61MWnokta4f",
          "checksum": "925cad90f379311d2053152bcb81f511"
        },
        {
          "type": "icon",
          "assetId": "s0grte1GG98P",
          "checksum": "d6f2d05ccb767b80ed01ead539ecb7ac"
        },
        {
          "type": "image",
          "assetId": "TYPdTVX1gMsh",
          "checksum": "b47f74c7ee85729f89a4a3ecbefdea0f"
        },
        {
          "type": "image",
          "assetId": "UnK5y0n5gH8m",
          "checksum": "44619b9a1c3f1636c7b6004470744d5a"
        },
        {
          "type": "image",
          "assetId": "8Scs7EOmnt3x",
          "checksum": "99f8065d0042c7ac82346626324f7a52"
        },
        {
          "type": "image",
          "assetId": "yAG2GBgWBD6g",
          "checksum": "4d94106dbd3980a0d4efefd666acb827"
        },
        {
          "type": "image",
          "assetId": "H5xRE83kZ3BO",
          "checksum": "a8a26878a1c7340a189f6dd840e786aa"
        },
        {
          "type": "image",
          "assetId": "DOVtq7voFePX",
          "checksum": "3b4e291fdcb1735986db0325b0f8c98e"
        },
        {
          "type": "image",
          "assetId": "spKorvpBQxni",
          "checksum": "38a2be0a7b5a0d494580ff8337f13e54"
        },
        {
          "type": "image",
          "assetId": "ng3nShl9UrGk",
          "checksum": "e4b0d74ebf09f7fbc2075b93e91f9d60"
        },
        {
          "type": "image",
          "assetId": "b_I8po9ZcaII",
          "checksum": "14dcd3e6a1d4f6d15da020276d4cc8ab"
        },
        {
          "type": "image",
          "assetId": "FevUng6kBurD",
          "checksum": "f85d3cef69e0374ea34acbc40d8d63ad"
        },
        {
          "type": "image",
          "assetId": "4J78Hq9wQW_e",
          "checksum": "34ace825b659646182d6d6c5200da27f"
        },
        {
          "type": "image",
          "assetId": "lRV7DWzKb1k-",
          "checksum": "dd8b0c75adafb485aa30f10e1c9d1d53"
        },
        {
          "type": "image",
          "assetId": "WXfAkvywDK8-",
          "checksum": "ab2bacadde41c9b89ba1297a647749ea"
        },
        {
          "type": "image",
          "assetId": "6kAVIuLe1sa4",
          "checksum": "ee84bc393413242188f065f9af55106d"
        },
        {
          "type": "image",
          "assetId": "VbCC2zH8FNTG",
          "checksum": "17b9f69480beb61cd3ec68ddde21ba7c"
        },
        {
          "type": "image",
          "assetId": "ER9yiUZ7nYgp",
          "checksum": "805ce483cc28d34b7b7a34d4685c656f"
        },
        {
          "type": "image",
          "assetId": "tYdQa_M8q5CT",
          "checksum": "fa3c9bd5608911f148d67d21f0ef55a3"
        },
        {
          "type": "image",
          "assetId": "kknJMla4oO8G",
          "checksum": "ce224153490c753ed671497bdfc69b8b"
        },
        {
          "type": "image",
          "assetId": "4H1m8PRQGH8_",
          "checksum": "178e6ca6e66406298df5500d31d5af45"
        },
        {
          "type": "image",
          "assetId": "LTnTF3I-E0ng",
          "checksum": "a6f2c0cbd708acdbb7bb23ab9f3c42b6"
        },
        {
          "type": "image",
          "assetId": "1V76_ntmfoP8",
          "checksum": "30309326a6e2df1571a11a40feb8fc66"
        },
        {
          "type": "image",
          "assetId": "u5TJ3yXrPLiX",
          "checksum": "8c53f605f9742ed6d463cb8b0a5e32cd"
        },
        {
          "type": "image",
          "assetId": "8fktglqqic7G",
          "checksum": "ece4c4258ad90b680dcb8d7c32c90087"
        },
        {
          "type": "image",
          "assetId": "mD8gXJWzuson",
          "checksum": "891e8d4936a0d02d1ba44e9c3824af31"
        },
        {
          "type": "image",
          "assetId": "bZPvXRRbCHKE",
          "checksum": "db12b362e6544eb9d4adf36404130ae8"
        },
        {
          "type": "image",
          "assetId": "UnVY30S5Dl7l",
          "checksum": "1bbd199e415acdacbebd1d479163eb7b"
        },
        {
          "type": "image",
          "assetId": "UJ774hhokCVd",
          "checksum": "255beae90750f41e90bc3d69c6655351"
        },
        {
          "type": "image",
          "assetId": "0x9zQB6oNhr0",
          "checksum": "d85d6350a38e785d8344405ebd3a9b8c"
        },
        {
          "type": "image",
          "assetId": "NIttR7oc7oFl",
          "checksum": "bc40d4b339844c381f235f4ed19ebd87"
        },
        {
          "type": "image",
          "assetId": "csBwEKTpfiYC",
          "checksum": "5ca7db2befc04bb50d30c2a3f316bd66"
        },
        {
          "type": "image",
          "assetId": "DBObi7Cej8lC",
          "checksum": "84f45507115c20359ff2cfd8175f5e34"
        },
        {
          "type": "image",
          "assetId": "YhciJG5Rk8T_",
          "checksum": "7cf5583e11dc26c8d34be4c410329a41"
        },
        {
          "type": "image",
          "assetId": "szaisJeqWIRU",
          "checksum": "eed393ddaa4ebdd06128be2a6d8328c3"
        },
        {
          "type": "image",
          "assetId": "OixyFBMW6cyP",
          "checksum": "72753e909cf223fb1c424a6c49524506"
        },
        {
          "type": "image",
          "assetId": "iHuRC0OXlq4c",
          "checksum": "37f53ab95b583c29bd720fdfc4294b5d"
        },
        {
          "type": "image",
          "assetId": "onLKh-Vvb-X-",
          "checksum": "9f7fb11da2b3d0edbbda0286ab50e704"
        },
        {
          "type": "image",
          "assetId": "0zF6cyi5phk8",
          "checksum": "b1e69ce8f8096a5e0cb0f209bd97d34b"
        },
        {
          "assetId": "ayMB79M2Zha2oXCHU8VvVd",
          "type": "projectCss",
          "checksum": "7cd62a33fc7fb25dfa791cf88141b7be"
        },
        {
          "type": "image",
          "assetId": "H3_Fxf7HW9je",
          "checksum": "55f09902d1aefaeb47b4c0bf5b746352"
        },
        {
          "type": "image",
          "assetId": "7IcRiKj78Crx",
          "checksum": "d0f3b7569674c3d6b3a69cc94624f70a"
        }
      ],
      "codegenVersion": "0.0.1"
    },
    {
      "projectId": "caTPwKxj5ZrD9LQ7DMdK4Z",
      "version": "3.40.0",
      "dependencies": {},
      "lang": "js",
      "fileLocks": [
        {
          "assetId": "caTPwKxj5ZrD9LQ7DMdK4Z",
          "type": "projectCss",
          "checksum": "1c02168c6b23256606111fdfdbb63549"
        }
      ],
      "codegenVersion": "0.0.1"
    },
    {
      "projectId": "hjKYmYi6HMwK6TRyk7ew5R",
      "version": "6.42.0",
      "dependencies": {},
      "lang": "js",
      "fileLocks": [
        {
          "assetId": "hjKYmYi6HMwK6TRyk7ew5R",
          "type": "projectCss",
          "checksum": "8261c92e439d6a43426690ea3cba615f"
        },
        {
          "assetId": "hjKYmYi6HMwK6TRyk7ew5R",
          "checksum": "ce1c1c4c2068f2505d175a1b6e17d26a",
          "type": "globalContexts"
        }
      ],
      "codegenVersion": "0.0.1"
    },
    {
      "projectId": "YUiM7yqBWAqsh8KSnrdj7",
      "version": "0.33.0",
      "dependencies": {},
      "lang": "js",
      "fileLocks": [
        {
          "assetId": "YUiM7yqBWAqsh8KSnrdj7",
          "type": "projectCss",
          "checksum": "21b499a9da4edbc2266c72c2ba127787"
        }
      ],
      "codegenVersion": "0.0.1"
    },
    {
      "projectId": "jkU633o1Cz7HrJdwdxhVHk",
      "version": "16.13.0",
      "dependencies": {},
      "lang": "js",
      "fileLocks": [
        {
          "assetId": "jkU633o1Cz7HrJdwdxhVHk",
          "type": "projectCss",
          "checksum": "cf57d229ecea50678d9d8d3bc0e3dd9b"
        }
      ],
      "codegenVersion": "0.0.1"
    },
    {
      "projectId": "8PtdGodUbexNYgkuyBUcWu",
      "version": "3.27.0",
      "dependencies": {},
      "lang": "js",
      "fileLocks": [
        {
          "assetId": "8PtdGodUbexNYgkuyBUcWu",
          "type": "projectCss",
          "checksum": "9440f91b1e8169311ba244276a5922c3"
        },
        {
          "assetId": "8PtdGodUbexNYgkuyBUcWu",
          "checksum": "34a063f27f0b27a7d1d344bc6b5252c5",
          "type": "globalContexts"
        }
      ],
      "codegenVersion": "0.0.1"
    }
  ],
  "cliVersion": "0.1.335"
}
